
Microsoft Visual Studio Solution File, Format Version 12.00
# Visual Studio Version 16
VisualStudioVersion = 16.0.30804.86
MinimumVisualStudioVersion = 10.0.40219.1
Project("{2150E333-8FDC-42A3-9474-1A3956D46DE8}") = "Services", "Services", "{0314E058-4616-4094-8DCA-72FC53EB768A}"
EndProject
Project("{2150E333-8FDC-42A3-9474-1A3956D46DE8}") = "Catalog", "Catalog", "{18751F16-1D53-452B-9E6C-867658B26FA5}"
EndProject
Project("{9A19103F-16F7-4668-BE54-9A1E7A4F7556}") = "Catalog.API", "Services\Catalog\Catalog.API\Catalog.API.csproj", "{1E3AFC8E-C44D-4CCD-925A-BBEFE5F90E86}"
EndProject
Project("{E53339B2-1760-4266-BCC7-CA923CBCF16C}") = "docker-compose", "docker-compose.dcproj", "{C0CB1BF7-C596-4519-88CF-8C587251CF55}"
EndProject
Project("{2150E333-8FDC-42A3-9474-1A3956D46DE8}") = "Basket", "Basket", "{653753A8-6539-41BA-B2B0-69B7F2C9BEFA}"
EndProject
Project("{9A19103F-16F7-4668-BE54-9A1E7A4F7556}") = "Basket.API", "Services\Basket\Basket.API\Basket.API.csproj", "{D75AE5AC-D582-4AB1-B5DE-59E46DA58C99}"
EndProject
Project("{2150E333-8FDC-42A3-9474-1A3956D46DE8}") = "Discount", "Discount", "{A1146FD6-BDA3-4BC0-88CA-5CCD4655D063}"
EndProject
Project("{9A19103F-16F7-4668-BE54-9A1E7A4F7556}") = "Discount.API", "Services\Discount\Discount.API\Discount.API.csproj", "{67ADB86F-4801-453B-8FA7-6C98F2231A07}"
EndProject
Project("{9A19103F-16F7-4668-BE54-9A1E7A4F7556}") = "Discount.Grpc", "Services\Discount\Discount.Grpc\Discount.Grpc.csproj", "{587EF522-3838-4067-971F-69013F32A0E9}"
EndProject
Project("{2150E333-8FDC-42A3-9474-1A3956D46DE8}") = "Ordering", "Ordering", "{C24017FE-0100-4C47-B145-8224B8A5444C}"
EndProject
Project("{FAE04EC0-301F-11D3-BF4B-00C04F79EFBC}") = "Ordering.API", "Services\Ordering\Ordering.API\Ordering.API.csproj", "{416DC329-4D29-4D33-8DB8-603A1CA49EFB}"
EndProject
Global
	GlobalSection(SolutionConfigurationPlatforms) = preSolution
		Debug|Any CPU = Debug|Any CPU
		Release|Any CPU = Release|Any CPU
	EndGlobalSection
	GlobalSection(ProjectConfigurationPlatforms) = postSolution
		{1E3AFC8E-C44D-4CCD-925A-BBEFE5F90E86}.Debug|Any CPU.ActiveCfg = Debug|Any CPU
		{1E3AFC8E-C44D-4CCD-925A-BBEFE5F90E86}.Debug|Any CPU.Build.0 = Debug|Any CPU
		{1E3AFC8E-C44D-4CCD-925A-BBEFE5F90E86}.Release|Any CPU.ActiveCfg = Release|Any CPU
		{1E3AFC8E-C44D-4CCD-925A-BBEFE5F90E86}.Release|Any CPU.Build.0 = Release|Any CPU
		{C0CB1BF7-C596-4519-88CF-8C587251CF55}.Debug|Any CPU.ActiveCfg = Debug|Any CPU
		{C0CB1BF7-C596-4519-88CF-8C587251CF55}.Debug|Any CPU.Build.0 = Debug|Any CPU
		{C0CB1BF7-C596-4519-88CF-8C587251CF55}.Release|Any CPU.ActiveCfg = Release|Any CPU
		{C0CB1BF7-C596-4519-88CF-8C587251CF55}.Release|Any CPU.Build.0 = Release|Any CPU
		{D75AE5AC-D582-4AB1-B5DE-59E46DA58C99}.Debug|Any CPU.ActiveCfg = Debug|Any CPU
		{D75AE5AC-D582-4AB1-B5DE-59E46DA58C99}.Debug|Any CPU.Build.0 = Debug|Any CPU
		{D75AE5AC-D582-4AB1-B5DE-59E46DA58C99}.Release|Any CPU.ActiveCfg = Release|Any CPU
		{D75AE5AC-D582-4AB1-B5DE-59E46DA58C99}.Release|Any CPU.Build.0 = Release|Any CPU
		{67ADB86F-4801-453B-8FA7-6C98F2231A07}.Debug|Any CPU.ActiveCfg = Debug|Any CPU
		{67ADB86F-4801-453B-8FA7-6C98F2231A07}.Debug|Any CPU.Build.0 = Debug|Any CPU
		{67ADB86F-4801-453B-8FA7-6C98F2231A07}.Release|Any CPU.ActiveCfg = Release|Any CPU
		{67ADB86F-4801-453B-8FA7-6C98F2231A07}.Release|Any CPU.Build.0 = Release|Any CPU
		{587EF522-3838-4067-971F-69013F32A0E9}.Debug|Any CPU.ActiveCfg = Debug|Any CPU
		{587EF522-3838-4067-971F-69013F32A0E9}.Debug|Any CPU.Build.0 = Debug|Any CPU
		{587EF522-3838-4067-971F-69013F32A0E9}.Release|Any CPU.ActiveCfg = Release|Any CPU
		{587EF522-3838-4067-971F-69013F32A0E9}.Release|Any CPU.Build.0 = Release|Any CPU
		{416DC329-4D29-4D33-8DB8-603A1CA49EFB}.Debug|Any CPU.ActiveCfg = Debug|Any CPU
		{416DC329-4D29-4D33-8DB8-603A1CA49EFB}.Debug|Any CPU.Build.0 = Debug|Any CPU
		{416DC329-4D29-4D33-8DB8-603A1CA49EFB}.Release|Any CPU.ActiveCfg = Release|Any CPU
		{416DC329-4D29-4D33-8DB8-603A1CA49EFB}.Release|Any CPU.Build.0 = Release|Any CPU
	EndGlobalSection
	GlobalSection(SolutionProperties) = preSolution
		HideSolutionNode = FALSE
	EndGlobalSection
	GlobalSection(NestedProjects) = preSolution
		{18751F16-1D53-452B-9E6C-867658B26FA5} = {0314E058-4616-4094-8DCA-72FC53EB768A}
		{1E3AFC8E-C44D-4CCD-925A-BBEFE5F90E86} = {18751F16-1D53-452B-9E6C-867658B26FA5}
		{653753A8-6539-41BA-B2B0-69B7F2C9BEFA} = {0314E058-4616-4094-8DCA-72FC53EB768A}
		{D75AE5AC-D582-4AB1-B5DE-59E46DA58C99} = {653753A8-6539-41BA-B2B0-69B7F2C9BEFA}
		{A1146FD6-BDA3-4BC0-88CA-5CCD4655D063} = {0314E058-4616-4094-8DCA-72FC53EB768A}
		{67ADB86F-4801-453B-8FA7-6C98F2231A07} = {A1146FD6-BDA3-4BC0-88CA-5CCD4655D063}
		{587EF522-3838-4067-971F-69013F32A0E9} = {A1146FD6-BDA3-4BC0-88CA-5CCD4655D063}
		{C24017FE-0100-4C47-B145-8224B8A5444C} = {0314E058-4616-4094-8DCA-72FC53EB768A}
		{416DC329-4D29-4D33-8DB8-603A1CA49EFB} = {C24017FE-0100-4C47-B145-8224B8A5444C}
	EndGlobalSection
	GlobalSection(ExtensibilityGlobals) = postSolution
		SolutionGuid = {3A0DCA03-F8CC-4CB7-91E1-078FE2FD8263}
	EndGlobalSection
EndGlobal
